
Microsoft Visual Studio Solution File, Format Version 12.00
# Visual Studio Version 16
VisualStudioVersion = 16.0.29230.47
MinimumVisualStudioVersion = 10.0.40219.1
Project("{FAE04EC0-301F-11D3-BF4B-00C04F79EFBC}") = "TestConsoleApp", "TestConsoleApp\TestConsoleApp.csproj", "{3BB5A574-5ABF-4C70-8E3C-DC32ECA961C6}"
EndProject
Global
	GlobalSection(SolutionConfigurationPlatforms) = preSolution
		Debug|Any CPU = Debug|Any CPU
		Release|Any CPU = Release|Any CPU
	EndGlobalSection
	GlobalSection(ProjectConfigurationPlatforms) = postSolution
		{3BB5A574-5ABF-4C70-8E3C-DC32ECA961C6}.Debug|Any CPU.ActiveCfg = Debug|Any CPU
		{3BB5A574-5ABF-4C70-8E3C-DC32ECA961C6}.Debug|Any CPU.Build.0 = Debug|Any CPU
		{3BB5A574-5ABF-4C70-8E3C-DC32ECA961C6}.Release|Any CPU.ActiveCfg = Release|Any CPU
		{3BB5A574-5ABF-4C70-8E3C-DC32ECA961C6}.Release|Any CPU.Build.0 = Release|Any CPU
	EndGlobalSection
	GlobalSection(SolutionProperties) = preSolution
		HideSolutionNode = FALSE
	EndGlobalSection
	GlobalSection(ExtensibilityGlobals) = postSolution
		SolutionGuid = {4E894C46-C650-4E15-BE55-188F95906342}
	EndGlobalSection
EndGlobal
